
Microsoft Visual Studio Solution File, Format Version 12.00
# Visual Studio Version 17
VisualStudioVersion = 17.5.002.0
MinimumVisualStudioVersion = 10.0.40219.1
Project("{9A19103F-16F7-4668-BE54-9A1E7A4F7556}") = "Blazor Lab Starter Code", "Blazor Lab Starter Code\Blazor Lab Starter Code.csproj", "{B142E8FD-FD2C-4820-ADB8-9D83A6E33F51}"
EndProject
Project("{9A19103F-16F7-4668-BE54-9A1E7A4F7556}") = "Blazor Lab Starter Code.Tests", "Tests\Blazor Lab Starter Code.Tests.csproj", "{A7C0E1A4-A688-44FF-8C63-E6A9EC2EE893}"
EndProject
Global
	GlobalSection(SolutionConfigurationPlatforms) = preSolution
		Debug|Any CPU = Debug|Any CPU
		Release|Any CPU = Release|Any CPU
	EndGlobalSection
	GlobalSection(ProjectConfigurationPlatforms) = postSolution
		{B142E8FD-FD2C-4820-ADB8-9D83A6E33F51}.Debug|Any CPU.ActiveCfg = Debug|Any CPU
		{B142E8FD-FD2C-4820-ADB8-9D83A6E33F51}.Debug|Any CPU.Build.0 = Debug|Any CPU
		{B142E8FD-FD2C-4820-ADB8-9D83A6E33F51}.Release|Any CPU.ActiveCfg = Release|Any CPU
		{B142E8FD-FD2C-4820-ADB8-9D83A6E33F51}.Release|Any CPU.Build.0 = Release|Any CPU
		{A7C0E1A4-A688-44FF-8C63-E6A9EC2EE893}.Debug|Any CPU.ActiveCfg = Debug|Any CPU
		{A7C0E1A4-A688-44FF-8C63-E6A9EC2EE893}.Debug|Any CPU.Build.0 = Debug|Any CPU
		{A7C0E1A4-A688-44FF-8C63-E6A9EC2EE893}.Release|Any CPU.ActiveCfg = Release|Any CPU
		{A7C0E1A4-A688-44FF-8C63-E6A9EC2EE893}.Release|Any CPU.Build.0 = Release|Any CPU
	EndGlobalSection
	GlobalSection(SolutionProperties) = preSolution
		HideSolutionNode = FALSE
	EndGlobalSection
	GlobalSection(ExtensibilityGlobals) = postSolution
		SolutionGuid = {2C95591F-3F93-447B-966D-47CC2F2A68F6}
	EndGlobalSection
EndGlobal
